// !$*UTF8*$!
{
	archiveVersion = 1;
	classes = {
	};
	objectVersion = 56;
	objects = {

/* Begin PBXBuildFile section */
		CB7A5AF82D9A01E50001E980 /* MyNotesApp.swift in Sources */ = {isa = PBXBuildFile; fileRef = CB7A5AF72D9A01E50001E980 /* MyNotesApp.swift */; };
		CB7A5AFA2D9A01E50001E980 /* ContentView.swift in Sources */ = {isa = PBXBuildFile; fileRef = CB7A5AF92D9A01E50001E980 /* ContentView.swift */; };
		CB7A5AFC2D9A01E90001E980 /* Assets.xcassets in Resources */ = {isa = PBXBuildFile; fileRef = CB7A5AFB2D9A01E90001E980 /* Assets.xcassets */; };
		CB7A5AFF2D9A01E90001E980 /* Preview Assets.xcassets in Resources */ = {isa = PBXBuildFile; fileRef = CB7A5AFE2D9A01E90001E980 /* Preview Assets.xcassets */; };
		CB7A5B092D9A01EA0001E980 /* MyNotesTests.swift in Sources */ = {isa = PBXBuildFile; fileRef = CB7A5B082D9A01EA0001E980 /* MyNotesTests.swift */; };
		CB7A5B132D9A01EA0001E980 /* MyNotesUITests.swift in Sources */ = {isa = PBXBuildFile; fileRef = CB7A5B122D9A01EA0001E980 /* MyNotesUITests.swift */; };
		CB7A5B152D9A01EA0001E980 /* MyNotesUITestsLaunchTests.swift in Sources */ = {isa = PBXBuildFile; fileRef = CB7A5B142D9A01EA0001E980 /* MyNotesUITestsLaunchTests.swift */; };
		CB7A5B272D9A03A50001E980 /* Note.swift in Sources */ = {isa = PBXBuildFile; fileRef = CB7A5B262D9A03A40001E980 /* Note.swift */; };
		CB7A5B292D9A03C90001E980 /* UserPreferences.swift in Sources */ = {isa = PBXBuildFile; fileRef = CB7A5B282D9A03C90001E980 /* UserPreferences.swift */; };
		CB7A5B2B2D9A03DD0001E980 /* FileSystemManager.swift in Sources */ = {isa = PBXBuildFile; fileRef = CB7A5B2A2D9A03DD0001E980 /* FileSystemManager.swift */; };
		CB7A5B2D2D9A03F30001E980 /* SettingsView.swift in Sources */ = {isa = PBXBuildFile; fileRef = CB7A5B2C2D9A03F30001E980 /* SettingsView.swift */; };
		CB7A5B2F2D9A04090001E980 /* FileNotesView.swift in Sources */ = {isa = PBXBuildFile; fileRef = CB7A5B2E2D9A04090001E980 /* FileNotesView.swift */; };
		CB7A5B312D9A04170001E980 /* SwiftDataNotesView.swift in Sources */ = {isa = PBXBuildFile; fileRef = CB7A5B302D9A04170001E980 /* SwiftDataNotesView.swift */; };
/* End PBXBuildFile section */

/* Begin PBXContainerItemProxy section */
		CB7A5B052D9A01EA0001E980 /* PBXContainerItemProxy */ = {
			isa = PBXContainerItemProxy;
			containerPortal = CB7A5AEC2D9A01E50001E980 /* Project object */;
			proxyType = 1;
			remoteGlobalIDString = CB7A5AF32D9A01E50001E980;
			remoteInfo = MyNotes;
		};
		CB7A5B0F2D9A01EA0001E980 /* PBXContainerItemProxy */ = {
			isa = PBXContainerItemProxy;
			containerPortal = CB7A5AEC2D9A01E50001E980 /* Project object */;
			proxyType = 1;
			remoteGlobalIDString = CB7A5AF32D9A01E50001E980;
			remoteInfo = MyNotes;
		};
/* End PBXContainerItemProxy section */

/* Begin PBXFileReference section */
		CB7A5AF42D9A01E50001E980 /* MyNotes.app */ = {isa = PBXFileReference; explicitFileType = wrapper.application; includeInIndex = 0; path = MyNotes.app; sourceTree = BUILT_PRODUCTS_DIR; };
		CB7A5AF72D9A01E50001E980 /* MyNotesApp.swift */ = {isa = PBXFileReference; lastKnownFileType = sourcecode.swift; path = MyNotesApp.swift; sourceTree = "<group>"; };
		CB7A5AF92D9A01E50001E980 /* ContentView.swift */ = {isa = PBXFileReference; lastKnownFileType = sourcecode.swift; path = ContentView.swift; sourceTree = "<group>"; };
		CB7A5AFB2D9A01E90001E980 /* Assets.xcassets */ = {isa = PBXFileReference; lastKnownFileType = folder.assetcatalog; path = Assets.xcassets; sourceTree = "<group>"; };
		CB7A5AFE2D9A01E90001E980 /* Preview Assets.xcassets */ = {isa = PBXFileReference; lastKnownFileType = folder.assetcatalog; path = "Preview Assets.xcassets"; sourceTree = "<group>"; };
		CB7A5B042D9A01EA0001E980 /* MyNotesTests.xctest */ = {isa = PBXFileReference; explicitFileType = wrapper.cfbundle; includeInIndex = 0; path = MyNotesTests.xctest; sourceTree = BUILT_PRODUCTS_DIR; };
		CB7A5B082D9A01EA0001E980 /* MyNotesTests.swift */ = {isa = PBXFileReference; lastKnownFileType = sourcecode.swift; path = MyNotesTests.swift; sourceTree = "<group>"; };
		CB7A5B0E2D9A01EA0001E980 /* MyNotesUITests.xctest */ = {isa = PBXFileReference; explicitFileType = wrapper.cfbundle; includeInIndex = 0; path = MyNotesUITests.xctest; sourceTree = BUILT_PRODUCTS_DIR; };
		CB7A5B122D9A01EA0001E980 /* MyNotesUITests.swift */ = {isa = PBXFileReference; lastKnownFileType = sourcecode.swift; path = MyNotesUITests.swift; sourceTree = "<group>"; };
		CB7A5B142D9A01EA0001E980 /* MyNotesUITestsLaunchTests.swift */ = {isa = PBXFileReference; lastKnownFileType = sourcecode.swift; path = MyNotesUITestsLaunchTests.swift; sourceTree = "<group>"; };
		CB7A5B252D9A03270001E980 /* README.md */ = {isa = PBXFileReference; lastKnownFileType = net.daringfireball.markdown; path = README.md; sourceTree = "<group>"; };
		CB7A5B262D9A03A40001E980 /* Note.swift */ = {isa = PBXFileReference; lastKnownFileType = sourcecode.swift; path = Note.swift; sourceTree = "<group>"; };
		CB7A5B282D9A03C90001E980 /* UserPreferences.swift */ = {isa = PBXFileReference; lastKnownFileType = sourcecode.swift; path = UserPreferences.swift; sourceTree = "<group>"; };
		CB7A5B2A2D9A03DD0001E980 /* FileSystemManager.swift */ = {isa = PBXFileReference; lastKnownFileType = sourcecode.swift; path = FileSystemManager.swift; sourceTree = "<group>"; };
		CB7A5B2C2D9A03F30001E980 /* SettingsView.swift */ = {isa = PBXFileReference; lastKnownFileType = sourcecode.swift; path = SettingsView.swift; sourceTree = "<group>"; };
		CB7A5B2E2D9A04090001E980 /* FileNotesView.swift */ = {isa = PBXFileReference; lastKnownFileType = sourcecode.swift; path = FileNotesView.swift; sourceTree = "<group>"; };
		CB7A5B302D9A04170001E980 /* SwiftDataNotesView.swift */ = {isa = PBXFileReference; lastKnownFileType = sourcecode.swift; path = SwiftDataNotesView.swift; sourceTree = "<group>"; };
/* End PBXFileReference section */

/* Begin PBXFrameworksBuildPhase section */
		CB7A5AF12D9A01E50001E980 /* Frameworks */ = {
			isa = PBXFrameworksBuildPhase;
			buildActionMask = 2147483647;
			files = (
			);
			runOnlyForDeploymentPostprocessing = 0;
		};
		CB7A5B012D9A01EA0001E980 /* Frameworks */ = {
			isa = PBXFrameworksBuildPhase;
			buildActionMask = 2147483647;
			files = (
			);
			runOnlyForDeploymentPostprocessing = 0;
		};
		CB7A5B0B2D9A01EA0001E980 /* Frameworks */ = {
			isa = PBXFrameworksBuildPhase;
			buildActionMask = 2147483647;
			files = (
			);
			runOnlyForDeploymentPostprocessing = 0;
		};
/* End PBXFrameworksBuildPhase section */

/* Begin PBXGroup section */
		CB7A5AEB2D9A01E50001E980 = {
			isa = PBXGroup;
			children = (
				CB7A5AF62D9A01E50001E980 /* MyNotes */,
				CB7A5B072D9A01EA0001E980 /* MyNotesTests */,
				CB7A5B112D9A01EA0001E980 /* MyNotesUITests */,
				CB7A5AF52D9A01E50001E980 /* Products */,
			);
			sourceTree = "<group>";
		};
		CB7A5AF52D9A01E50001E980 /* Products */ = {
			isa = PBXGroup;
			children = (
				CB7A5AF42D9A01E50001E980 /* MyNotes.app */,
				CB7A5B042D9A01EA0001E980 /* MyNotesTests.xctest */,
				CB7A5B0E2D9A01EA0001E980 /* MyNotesUITests.xctest */,
			);
			name = Products;
			sourceTree = "<group>";
		};
		CB7A5AF62D9A01E50001E980 /* MyNotes */ = {
			isa = PBXGroup;
			children = (
				CB7A5B242D9A02CA0001E980 /* Views */,
				CB7A5B222D9A02A80001E980 /* Persistence */,
				CB7A5B212D9A029D0001E980 /* Models */,
				CB7A5AF72D9A01E50001E980 /* MyNotesApp.swift */,
				CB7A5AF92D9A01E50001E980 /* ContentView.swift */,
				CB7A5AFB2D9A01E90001E980 /* Assets.xcassets */,
				CB7A5AFD2D9A01E90001E980 /* Preview Content */,
				CB7A5B252D9A03270001E980 /* README.md */,
			);
			path = MyNotes;
			sourceTree = "<group>";
		};
		CB7A5AFD2D9A01E90001E980 /* Preview Content */ = {
			isa = PBXGroup;
			children = (
				CB7A5AFE2D9A01E90001E980 /* Preview Assets.xcassets */,
			);
			path = "Preview Content";
			sourceTree = "<group>";
		};
		CB7A5B072D9A01EA0001E980 /* MyNotesTests */ = {
			isa = PBXGroup;
			children = (
				CB7A5B082D9A01EA0001E980 /* MyNotesTests.swift */,
			);
			path = MyNotesTests;
			sourceTree = "<group>";
		};
		CB7A5B112D9A01EA0001E980 /* MyNotesUITests */ = {
			isa = PBXGroup;
			children = (
				CB7A5B122D9A01EA0001E980 /* MyNotesUITests.swift */,
				CB7A5B142D9A01EA0001E980 /* MyNotesUITestsLaunchTests.swift */,
			);
			path = MyNotesUITests;
			sourceTree = "<group>";
		};
		CB7A5B212D9A029D0001E980 /* Models */ = {
			isa = PBXGroup;
			children = (
				CB7A5B262D9A03A40001E980 /* Note.swift */,
			);
			path = Models;
			sourceTree = "<group>";
		};
		CB7A5B222D9A02A80001E980 /* Persistence */ = {
			isa = PBXGroup;
			children = (
				CB7A5B282D9A03C90001E980 /* UserPreferences.swift */,
				CB7A5B2A2D9A03DD0001E980 /* FileSystemManager.swift */,
			);
			path = Persistence;
			sourceTree = "<group>";
		};
		CB7A5B242D9A02CA0001E980 /* Views */ = {
			isa = PBXGroup;
			children = (
				CB7A5B2C2D9A03F30001E980 /* SettingsView.swift */,
				CB7A5B2E2D9A04090001E980 /* FileNotesView.swift */,
				CB7A5B302D9A04170001E980 /* SwiftDataNotesView.swift */,
			);
			path = Views;
			sourceTree = "<group>";
		};
/* End PBXGroup section */

/* Begin PBXNativeTarget section */
		CB7A5AF32D9A01E50001E980 /* MyNotes */ = {
			isa = PBXNativeTarget;
			buildConfigurationList = CB7A5B182D9A01EA0001E980 /* Build configuration list for PBXNativeTarget "MyNotes" */;
			buildPhases = (
				CB7A5AF02D9A01E50001E980 /* Sources */,
				CB7A5AF12D9A01E50001E980 /* Frameworks */,
				CB7A5AF22D9A01E50001E980 /* Resources */,
			);
			buildRules = (
			);
			dependencies = (
			);
			name = MyNotes;
			productName = MyNotes;
			productReference = CB7A5AF42D9A01E50001E980 /* MyNotes.app */;
			productType = "com.apple.product-type.application";
		};
		CB7A5B032D9A01EA0001E980 /* MyNotesTests */ = {
			isa = PBXNativeTarget;
			buildConfigurationList = CB7A5B1B2D9A01EA0001E980 /* Build configuration list for PBXNativeTarget "MyNotesTests" */;
			buildPhases = (
				CB7A5B002D9A01EA0001E980 /* Sources */,
				CB7A5B012D9A01EA0001E980 /* Frameworks */,
				CB7A5B022D9A01EA0001E980 /* Resources */,
			);
			buildRules = (
			);
			dependencies = (
				CB7A5B062D9A01EA0001E980 /* PBXTargetDependency */,
			);
			name = MyNotesTests;
			productName = MyNotesTests;
			productReference = CB7A5B042D9A01EA0001E980 /* MyNotesTests.xctest */;
			productType = "com.apple.product-type.bundle.unit-test";
		};
		CB7A5B0D2D9A01EA0001E980 /* MyNotesUITests */ = {
			isa = PBXNativeTarget;
			buildConfigurationList = CB7A5B1E2D9A01EA0001E980 /* Build configuration list for PBXNativeTarget "MyNotesUITests" */;
			buildPhases = (
				CB7A5B0A2D9A01EA0001E980 /* Sources */,
				CB7A5B0B2D9A01EA0001E980 /* Frameworks */,
				CB7A5B0C2D9A01EA0001E980 /* Resources */,
			);
			buildRules = (
			);
			dependencies = (
				CB7A5B102D9A01EA0001E980 /* PBXTargetDependency */,
			);
			name = MyNotesUITests;
			productName = MyNotesUITests;
			productReference = CB7A5B0E2D9A01EA0001E980 /* MyNotesUITests.xctest */;
			productType = "com.apple.product-type.bundle.ui-testing";
		};
/* End PBXNativeTarget section */

/* Begin PBXProject section */
		CB7A5AEC2D9A01E50001E980 /* Project object */ = {
			isa = PBXProject;
			attributes = {
				BuildIndependentTargetsInParallel = 1;
				LastSwiftUpdateCheck = 1420;
				LastUpgradeCheck = 1420;
				TargetAttributes = {
					CB7A5AF32D9A01E50001E980 = {
						CreatedOnToolsVersion = 14.2;
					};
					CB7A5B032D9A01EA0001E980 = {
						CreatedOnToolsVersion = 14.2;
						TestTargetID = CB7A5AF32D9A01E50001E980;
					};
					CB7A5B0D2D9A01EA0001E980 = {
						CreatedOnToolsVersion = 14.2;
						TestTargetID = CB7A5AF32D9A01E50001E980;
					};
				};
			};
			buildConfigurationList = CB7A5AEF2D9A01E50001E980 /* Build configuration list for PBXProject "MyNotes" */;
			compatibilityVersion = "Xcode 14.0";
			developmentRegion = en;
			hasScannedForEncodings = 0;
			knownRegions = (
				en,
				Base,
			);
			mainGroup = CB7A5AEB2D9A01E50001E980;
			productRefGroup = CB7A5AF52D9A01E50001E980 /* Products */;
			projectDirPath = "";
			projectRoot = "";
			targets = (
				CB7A5AF32D9A01E50001E980 /* MyNotes */,
				CB7A5B032D9A01EA0001E980 /* MyNotesTests */,
				CB7A5B0D2D9A01EA0001E980 /* MyNotesUITests */,
			);
		};
/* End PBXProject section */

/* Begin PBXResourcesBuildPhase section */
		CB7A5AF22D9A01E50001E980 /* Resources */ = {
			isa = PBXResourcesBuildPhase;
			buildActionMask = 2147483647;
			files = (
				CB7A5AFF2D9A01E90001E980 /* Preview Assets.xcassets in Resources */,
				CB7A5AFC2D9A01E90001E980 /* Assets.xcassets in Resources */,
			);
			runOnlyForDeploymentPostprocessing = 0;
		};
		CB7A5B022D9A01EA0001E980 /* Resources */ = {
			isa = PBXResourcesBuildPhase;
			buildActionMask = 2147483647;
			files = (
			);
			runOnlyForDeploymentPostprocessing = 0;
		};
		CB7A5B0C2D9A01EA0001E980 /* Resources */ = {
			isa = PBXResourcesBuildPhase;
			buildActionMask = 2147483647;
			files = (
			);
			runOnlyForDeploymentPostprocessing = 0;
		};
/* End PBXResourcesBuildPhase section */

/* Begin PBXSourcesBuildPhase section */
		CB7A5AF02D9A01E50001E980 /* Sources */ = {
			isa = PBXSourcesBuildPhase;
			buildActionMask = 2147483647;
			files = (
				CB7A5B2B2D9A03DD0001E980 /* FileSystemManager.swift in Sources */,
				CB7A5AFA2D9A01E50001E980 /* ContentView.swift in Sources */,
				CB7A5B292D9A03C90001E980 /* UserPreferences.swift in Sources */,
				CB7A5B2F2D9A04090001E980 /* FileNotesView.swift in Sources */,
				CB7A5B2D2D9A03F30001E980 /* SettingsView.swift in Sources */,
				CB7A5AF82D9A01E50001E980 /* MyNotesApp.swift in Sources */,
				CB7A5B312D9A04170001E980 /* SwiftDataNotesView.swift in Sources */,
				CB7A5B272D9A03A50001E980 /* Note.swift in Sources */,
			);
			runOnlyForDeploymentPostprocessing = 0;
		};
		CB7A5B002D9A01EA0001E980 /* Sources */ = {
			isa = PBXSourcesBuildPhase;
			buildActionMask = 2147483647;
			files = (
				CB7A5B092D9A01EA0001E980 /* MyNotesTests.swift in Sources */,
			);
			runOnlyForDeploymentPostprocessing = 0;
		};
		CB7A5B0A2D9A01EA0001E980 /* Sources */ = {
			isa = PBXSourcesBuildPhase;
			buildActionMask = 2147483647;
			files = (
				CB7A5B152D9A01EA0001E980 /* MyNotesUITestsLaunchTests.swift in Sources */,
				CB7A5B132D9A01EA0001E980 /* MyNotesUITests.swift in Sources */,
			);
			runOnlyForDeploymentPostprocessing = 0;
		};
/* End PBXSourcesBuildPhase section */

/* Begin PBXTargetDependency section */
		CB7A5B062D9A01EA0001E980 /* PBXTargetDependency */ = {
			isa = PBXTargetDependency;
			target = CB7A5AF32D9A01E50001E980 /* MyNotes */;
			targetProxy = CB7A5B052D9A01EA0001E980 /* PBXContainerItemProxy */;
		};
		CB7A5B102D9A01EA0001E980 /* PBXTargetDependency */ = {
			isa = PBXTargetDependency;
			target = CB7A5AF32D9A01E50001E980 /* MyNotes */;
			targetProxy = CB7A5B0F2D9A01EA0001E980 /* PBXContainerItemProxy */;
		};
/* End PBXTargetDependency section */

/* Begin XCBuildConfiguration section */
		CB7A5B162D9A01EA0001E980 /* Debug */ = {
			isa = XCBuildConfiguration;
			buildSettings = {
				ALWAYS_SEARCH_USER_PATHS = NO;
				CLANG_ANALYZER_NONNULL = YES;
				CLANG_ANALYZER_NUMBER_OBJECT_CONVERSION = YES_AGGRESSIVE;
				CLANG_CXX_LANGUAGE_STANDARD = "gnu++20";
				CLANG_ENABLE_MODULES = YES;
				CLANG_ENABLE_OBJC_ARC = YES;
				CLANG_ENABLE_OBJC_WEAK = YES;
				CLANG_WARN_BLOCK_CAPTURE_AUTORELEASING = YES;
				CLANG_WARN_BOOL_CONVERSION = YES;
				CLANG_WARN_COMMA = YES;
				CLANG_WARN_CONSTANT_CONVERSION = YES;
				CLANG_WARN_DEPRECATED_OBJC_IMPLEMENTATIONS = YES;
				CLANG_WARN_DIRECT_OBJC_ISA_USAGE = YES_ERROR;
				CLANG_WARN_DOCUMENTATION_COMMENTS = YES;
				CLANG_WARN_EMPTY_BODY = YES;
				CLANG_WARN_ENUM_CONVERSION = YES;
				CLANG_WARN_INFINITE_RECURSION = YES;
				CLANG_WARN_INT_CONVERSION = YES;
				CLANG_WARN_NON_LITERAL_NULL_CONVERSION = YES;
				CLANG_WARN_OBJC_IMPLICIT_RETAIN_SELF = YES;
				CLANG_WARN_OBJC_LITERAL_CONVERSION = YES;
				CLANG_WARN_OBJC_ROOT_CLASS = YES_ERROR;
				CLANG_WARN_QUOTED_INCLUDE_IN_FRAMEWORK_HEADER = YES;
				CLANG_WARN_RANGE_LOOP_ANALYSIS = YES;
				CLANG_WARN_STRICT_PROTOTYPES = YES;
				CLANG_WARN_SUSPICIOUS_MOVE = YES;
				CLANG_WARN_UNGUARDED_AVAILABILITY = YES_AGGRESSIVE;
				CLANG_WARN_UNREACHABLE_CODE = YES;
				CLANG_WARN__DUPLICATE_METHOD_MATCH = YES;
				COPY_PHASE_STRIP = NO;
				DEBUG_INFORMATION_FORMAT = dwarf;
				ENABLE_STRICT_OBJC_MSGSEND = YES;
				ENABLE_TESTABILITY = YES;
				GCC_C_LANGUAGE_STANDARD = gnu11;
				GCC_DYNAMIC_NO_PIC = NO;
				GCC_NO_COMMON_BLOCKS = YES;
				GCC_OPTIMIZATION_LEVEL = 0;
				GCC_PREPROCESSOR_DEFINITIONS = (
					"DEBUG=1",
					"$(inherited)",
				);
				GCC_WARN_64_TO_32_BIT_CONVERSION = YES;
				GCC_WARN_ABOUT_RETURN_TYPE = YES_ERROR;
				GCC_WARN_UNDECLARED_SELECTOR = YES;
				GCC_WARN_UNINITIALIZED_AUTOS = YES_AGGRESSIVE;
				GCC_WARN_UNUSED_FUNCTION = YES;
				GCC_WARN_UNUSED_VARIABLE = YES;
				IPHONEOS_DEPLOYMENT_TARGET = 16.2;
				MTL_ENABLE_DEBUG_INFO = INCLUDE_SOURCE;
				MTL_FAST_MATH = YES;
				ONLY_ACTIVE_ARCH = YES;
				SDKROOT = iphoneos;
				SWIFT_ACTIVE_COMPILATION_CONDITIONS = DEBUG;
				SWIFT_OPTIMIZATION_LEVEL = "-Onone";
			};
			name = Debug;
		};
		CB7A5B172D9A01EA0001E980 /* Release */ = {
			isa = XCBuildConfiguration;
			buildSettings = {
				ALWAYS_SEARCH_USER_PATHS = NO;
				CLANG_ANALYZER_NONNULL = YES;
				CLANG_ANALYZER_NUMBER_OBJECT_CONVERSION = YES_AGGRESSIVE;
				CLANG_CXX_LANGUAGE_STANDARD = "gnu++20";
				CLANG_ENABLE_MODULES = YES;
				CLANG_ENABLE_OBJC_ARC = YES;
				CLANG_ENABLE_OBJC_WEAK = YES;
				CLANG_WARN_BLOCK_CAPTURE_AUTORELEASING = YES;
				CLANG_WARN_BOOL_CONVERSION = YES;
				CLANG_WARN_COMMA = YES;
				CLANG_WARN_CONSTANT_CONVERSION = YES;
				CLANG_WARN_DEPRECATED_OBJC_IMPLEMENTATIONS = YES;
				CLANG_WARN_DIRECT_OBJC_ISA_USAGE = YES_ERROR;
				CLANG_WARN_DOCUMENTATION_COMMENTS = YES;
				CLANG_WARN_EMPTY_BODY = YES;
				CLANG_WARN_ENUM_CONVERSION = YES;
				CLANG_WARN_INFINITE_RECURSION = YES;
				CLANG_WARN_INT_CONVERSION = YES;
				CLANG_WARN_NON_LITERAL_NULL_CONVERSION = YES;
				CLANG_WARN_OBJC_IMPLICIT_RETAIN_SELF = YES;
				CLANG_WARN_OBJC_LITERAL_CONVERSION = YES;
				CLANG_WARN_OBJC_ROOT_CLASS = YES_ERROR;
				CLANG_WARN_QUOTED_INCLUDE_IN_FRAMEWORK_HEADER = YES;
				CLANG_WARN_RANGE_LOOP_ANALYSIS = YES;
				CLANG_WARN_STRICT_PROTOTYPES = YES;
				CLANG_WARN_SUSPICIOUS_MOVE = YES;
				CLANG_WARN_UNGUARDED_AVAILABILITY = YES_AGGRESSIVE;
				CLANG_WARN_UNREACHABLE_CODE = YES;
				CLANG_WARN__DUPLICATE_METHOD_MATCH = YES;
				COPY_PHASE_STRIP = NO;
				DEBUG_INFORMATION_FORMAT = "dwarf-with-dsym";
				ENABLE_NS_ASSERTIONS = NO;
				ENABLE_STRICT_OBJC_MSGSEND = YES;
				GCC_C_LANGUAGE_STANDARD = gnu11;
				GCC_NO_COMMON_BLOCKS = YES;
				GCC_WARN_64_TO_32_BIT_CONVERSION = YES;
				GCC_WARN_ABOUT_RETURN_TYPE = YES_ERROR;
				GCC_WARN_UNDECLARED_SELECTOR = YES;
				GCC_WARN_UNINITIALIZED_AUTOS = YES_AGGRESSIVE;
				GCC_WARN_UNUSED_FUNCTION = YES;
				GCC_WARN_UNUSED_VARIABLE = YES;
				IPHONEOS_DEPLOYMENT_TARGET = 16.2;
				MTL_ENABLE_DEBUG_INFO = NO;
				MTL_FAST_MATH = YES;
				SDKROOT = iphoneos;
				SWIFT_COMPILATION_MODE = wholemodule;
				SWIFT_OPTIMIZATION_LEVEL = "-O";
				VALIDATE_PRODUCT = YES;
			};
			name = Release;
		};
		CB7A5B192D9A01EA0001E980 /* Debug */ = {
			isa = XCBuildConfiguration;
			buildSettings = {
				ASSETCATALOG_COMPILER_APPICON_NAME = AppIcon;
				ASSETCATALOG_COMPILER_GLOBAL_ACCENT_COLOR_NAME = AccentColor;
				CODE_SIGN_STYLE = Automatic;
				CURRENT_PROJECT_VERSION = 1;
				DEVELOPMENT_ASSET_PATHS = "\"MyNotes/Preview Content\"";
				ENABLE_PREVIEWS = YES;
				GENERATE_INFOPLIST_FILE = YES;
				INFOPLIST_KEY_UIApplicationSceneManifest_Generation = YES;
				INFOPLIST_KEY_UIApplicationSupportsIndirectInputEvents = YES;
				INFOPLIST_KEY_UILaunchScreen_Generation = YES;
				INFOPLIST_KEY_UISupportedInterfaceOrientations_iPad = "UIInterfaceOrientationPortrait UIInterfaceOrientationPortraitUpsideDown UIInterfaceOrientationLandscapeLeft UIInterfaceOrientationLandscapeRight";
				INFOPLIST_KEY_UISupportedInterfaceOrientations_iPhone = "UIInterfaceOrientationPortrait UIInterfaceOrientationLandscapeLeft UIInterfaceOrientationLandscapeRight";
				IPHONEOS_DEPLOYMENT_TARGET = 18.0;
				LD_RUNPATH_SEARCH_PATHS = (
					"$(inherited)",
					"@executable_path/Frameworks",
				);
				MARKETING_VERSION = 1.0;
				PRODUCT_BUNDLE_IDENTIFIER = com.seneca.map523.MyNotes;
				PRODUCT_NAME = "$(TARGET_NAME)";
				SWIFT_EMIT_LOC_STRINGS = YES;
				SWIFT_VERSION = 5.0;
				TARGETED_DEVICE_FAMILY = "1,2";
			};
			name = Debug;
		};
		CB7A5B1A2D9A01EA0001E980 /* Release */ = {
			isa = XCBuildConfiguration;
			buildSettings = {
				ASSETCATALOG_COMPILER_APPICON_NAME = AppIcon;
				ASSETCATALOG_COMPILER_GLOBAL_ACCENT_COLOR_NAME = AccentColor;
				CODE_SIGN_STYLE = Automatic;
				CURRENT_PROJECT_VERSION = 1;
				DEVELOPMENT_ASSET_PATHS = "\"MyNotes/Preview Content\"";
				ENABLE_PREVIEWS = YES;
				GENERATE_INFOPLIST_FILE = YES;
				INFOPLIST_KEY_UIApplicationSceneManifest_Generation = YES;
				INFOPLIST_KEY_UIApplicationSupportsIndirectInputEvents = YES;
				INFOPLIST_KEY_UILaunchScreen_Generation = YES;
				INFOPLIST_KEY_UISupportedInterfaceOrientations_iPad = "UIInterfaceOrientationPortrait UIInterfaceOrientationPortraitUpsideDown UIInterfaceOrientationLandscapeLeft UIInterfaceOrientationLandscapeRight";
				INFOPLIST_KEY_UISupportedInterfaceOrientations_iPhone = "UIInterfaceOrientationPortrait UIInterfaceOrientationLandscapeLeft UIInterfaceOrientationLandscapeRight";
				IPHONEOS_DEPLOYMENT_TARGET = 18.0;
				LD_RUNPATH_SEARCH_PATHS = (
					"$(inherited)",
					"@executable_path/Frameworks",
				);
				MARKETING_VERSION = 1.0;
				PRODUCT_BUNDLE_IDENTIFIER = com.seneca.map523.MyNotes;
				PRODUCT_NAME = "$(TARGET_NAME)";
				SWIFT_EMIT_LOC_STRINGS = YES;
				SWIFT_VERSION = 5.0;
				TARGETED_DEVICE_FAMILY = "1,2";
			};
			name = Release;
		};
		CB7A5B1C2D9A01EA0001E980 /* Debug */ = {
			isa = XCBuildConfiguration;
			buildSettings = {
				ALWAYS_EMBED_SWIFT_STANDARD_LIBRARIES = YES;
				BUNDLE_LOADER = "$(TEST_HOST)";
				CODE_SIGN_STYLE = Automatic;
				CURRENT_PROJECT_VERSION = 1;
				GENERATE_INFOPLIST_FILE = YES;
				IPHONEOS_DEPLOYMENT_TARGET = 16.2;
				MARKETING_VERSION = 1.0;
				PRODUCT_BUNDLE_IDENTIFIER = com.seneca.map523.MyNotesTests;
				PRODUCT_NAME = "$(TARGET_NAME)";
				SWIFT_EMIT_LOC_STRINGS = NO;
				SWIFT_VERSION = 5.0;
				TARGETED_DEVICE_FAMILY = "1,2";
				TEST_HOST = "$(BUILT_PRODUCTS_DIR)/MyNotes.app/$(BUNDLE_EXECUTABLE_FOLDER_PATH)/MyNotes";
			};
			name = Debug;
		};
		CB7A5B1D2D9A01EA0001E980 /* Release */ = {
			isa = XCBuildConfiguration;
			buildSettings = {
				ALWAYS_EMBED_SWIFT_STANDARD_LIBRARIES = YES;
				BUNDLE_LOADER = "$(TEST_HOST)";
				CODE_SIGN_STYLE = Automatic;
				CURRENT_PROJECT_VERSION = 1;
				GENERATE_INFOPLIST_FILE = YES;
				IPHONEOS_DEPLOYMENT_TARGET = 16.2;
				MARKETING_VERSION = 1.0;
				PRODUCT_BUNDLE_IDENTIFIER = com.seneca.map523.MyNotesTests;
				PRODUCT_NAME = "$(TARGET_NAME)";
				SWIFT_EMIT_LOC_STRINGS = NO;
				SWIFT_VERSION = 5.0;
				TARGETED_DEVICE_FAMILY = "1,2";
				TEST_HOST = "$(BUILT_PRODUCTS_DIR)/MyNotes.app/$(BUNDLE_EXECUTABLE_FOLDER_PATH)/MyNotes";
			};
			name = Release;
		};
		CB7A5B1F2D9A01EA0001E980 /* Debug */ = {
			isa = XCBuildConfiguration;
			buildSettings = {
				ALWAYS_EMBED_SWIFT_STANDARD_LIBRARIES = YES;
				CODE_SIGN_STYLE = Automatic;
				CURRENT_PROJECT_VERSION = 1;
				GENERATE_INFOPLIST_FILE = YES;
				MARKETING_VERSION = 1.0;
				PRODUCT_BUNDLE_IDENTIFIER = com.seneca.map523.MyNotesUITests;
				PRODUCT_NAME = "$(TARGET_NAME)";
				SWIFT_EMIT_LOC_STRINGS = NO;
				SWIFT_VERSION = 5.0;
				TARGETED_DEVICE_FAMILY = "1,2";
				TEST_TARGET_NAME = MyNotes;
			};
			name = Debug;
		};
		CB7A5B202D9A01EA0001E980 /* Release */ = {
			isa = XCBuildConfiguration;
			buildSettings = {
				ALWAYS_EMBED_SWIFT_STANDARD_LIBRARIES = YES;
				CODE_SIGN_STYLE = Automatic;
				CURRENT_PROJECT_VERSION = 1;
				GENERATE_INFOPLIST_FILE = YES;
				MARKETING_VERSION = 1.0;
				PRODUCT_BUNDLE_IDENTIFIER = com.seneca.map523.MyNotesUITests;
				PRODUCT_NAME = "$(TARGET_NAME)";
				SWIFT_EMIT_LOC_STRINGS = NO;
				SWIFT_VERSION = 5.0;
				TARGETED_DEVICE_FAMILY = "1,2";
				TEST_TARGET_NAME = MyNotes;
			};
			name = Release;
		};
/* End XCBuildConfiguration section */

/* Begin XCConfigurationList section */
		CB7A5AEF2D9A01E50001E980 /* Build configuration list for PBXProject "MyNotes" */ = {
			isa = XCConfigurationList;
			buildConfigurations = (
				CB7A5B162D9A01EA0001E980 /* Debug */,
				CB7A5B172D9A01EA0001E980 /* Release */,
			);
			defaultConfigurationIsVisible = 0;
			defaultConfigurationName = Release;
		};
		CB7A5B182D9A01EA0001E980 /* Build configuration list for PBXNativeTarget "MyNotes" */ = {
			isa = XCConfigurationList;
			buildConfigurations = (
				CB7A5B192D9A01EA0001E980 /* Debug */,
				CB7A5B1A2D9A01EA0001E980 /* Release */,
			);
			defaultConfigurationIsVisible = 0;
			defaultConfigurationName = Release;
		};
		CB7A5B1B2D9A01EA0001E980 /* Build configuration list for PBXNativeTarget "MyNotesTests" */ = {
			isa = XCConfigurationList;
			buildConfigurations = (
				CB7A5B1C2D9A01EA0001E980 /* Debug */,
				CB7A5B1D2D9A01EA0001E980 /* Release */,
			);
			defaultConfigurationIsVisible = 0;
			defaultConfigurationName = Release;
		};
		CB7A5B1E2D9A01EA0001E980 /* Build configuration list for PBXNativeTarget "MyNotesUITests" */ = {
			isa = XCConfigurationList;
			buildConfigurations = (
				CB7A5B1F2D9A01EA0001E980 /* Debug */,
				CB7A5B202D9A01EA0001E980 /* Release */,
			);
			defaultConfigurationIsVisible = 0;
			defaultConfigurationName = Release;
		};
/* End XCConfigurationList section */
	};
	rootObject = CB7A5AEC2D9A01E50001E980 /* Project object */;
}
